
Microsoft Visual Studio Solution File, Format Version 12.00
# Visual Studio Version 17
VisualStudioVersion = 17.0.31903.59
MinimumVisualStudioVersion = 10.0.40219.1
Project("{9A19103F-16F7-4668-BE54-9A1E7A4F7556}") = "HomeWork_CSharp", "HomeWork_CSharp.csproj", "{B0AC7EA0-68FE-4271-A9BB-1E734F0E5502}"
EndProject
Global
	GlobalSection(SolutionConfigurationPlatforms) = preSolution
		Debug|Any CPU = Debug|Any CPU
		Release|Any CPU = Release|Any CPU
	EndGlobalSection
	GlobalSection(ProjectConfigurationPlatforms) = postSolution
		{B0AC7EA0-68FE-4271-A9BB-1E734F0E5502}.Debug|Any CPU.ActiveCfg = Debug|Any CPU
		{B0AC7EA0-68FE-4271-A9BB-1E734F0E5502}.Debug|Any CPU.Build.0 = Debug|Any CPU
		{B0AC7EA0-68FE-4271-A9BB-1E734F0E5502}.Release|Any CPU.ActiveCfg = Release|Any CPU
		{B0AC7EA0-68FE-4271-A9BB-1E734F0E5502}.Release|Any CPU.Build.0 = Release|Any CPU
	EndGlobalSection
	GlobalSection(SolutionProperties) = preSolution
		HideSolutionNode = FALSE
	EndGlobalSection
	GlobalSection(ExtensibilityGlobals) = postSolution
		SolutionGuid = {D5A345EA-F67A-4723-A5C8-E663CAD9E079}
	EndGlobalSection
EndGlobal
